{
  "version": "5",
  "specifiers": {
    "jsr:@hono/hono@4": "4.12.16",
    "jsr:@std/assert@1": "1.0.19",
    "jsr:@std/bytes@^1.0.6": "1.0.6",
    "jsr:@std/crypto@^1.0.5": "1.0.5",
    "jsr:@std/fs@1": "1.0.23",
    "jsr:@std/internal@^1.0.12": "1.0.12",
    "jsr:@std/path@1": "1.1.4",
    "jsr:@std/path@^1.1.4": "1.1.4",
    "jsr:@std/uuid@1": "1.1.0",
    "jsr:@std/yaml@1": "1.0.10",
    "npm:zod@4": "4.3.6"
  },
  "jsr": {
    "@hono/hono@4.12.16": {
      "integrity": "d3a3ca0d713852c91881541e74d5ffac0b4af38b8c1285e8ed5ee47b68c58f94"
    },
    "@std/assert@1.0.19": {
      "integrity": "eaada96ee120cb980bc47e040f82814d786fe8162ecc53c91d8df60b8755991e",
      "dependencies": [
        "jsr:@std/internal"
      ]
    },
    "@std/bytes@1.0.6": {
      "integrity": "f6ac6adbd8ccd99314045f5703e23af0a68d7f7e58364b47d2c7f408aeb5820a"
    },
    "@std/crypto@1.0.5": {
      "integrity": "0dcfbb319fe0bba1bd3af904ceb4f948cde1b92979ec1614528380ed308a3b40"
    },
    "@std/fs@1.0.23": {
      "integrity": "3ecbae4ce4fee03b180fa710caff36bb5adb66631c46a6460aaad49515565a37",
      "dependencies": [
        "jsr:@std/internal",
        "jsr:@std/path@^1.1.4"
      ]
    },
    "@std/internal@1.0.12": {
      "integrity": "972a634fd5bc34b242024402972cd5143eac68d8dffaca5eaa4dba30ce17b027"
    },
    "@std/path@1.1.4": {
      "integrity": "1d2d43f39efb1b42f0b1882a25486647cb851481862dc7313390b2bb044314b5",
      "dependencies": [
        "jsr:@std/internal"
      ]
    },
    "@std/uuid@1.1.0": {
      "integrity": "6268db2ccf172849c9be80763354ca305d49ef4af41fe995623d44fcc3f7457c",
      "dependencies": [
        "jsr:@std/bytes",
        "jsr:@std/crypto"
      ]
    },
    "@std/yaml@1.0.10": {
      "integrity": "245706ea3511cc50c8c6d00339c23ea2ffa27bd2c7ea5445338f8feff31fa58e"
    }
  },
  "npm": {
    "zod@4.3.6": {
      "integrity": "sha512-rftlrkhHZOcjDwkGlnUtZZkvaPHCsDATp4pGpuOOMDaTdDDXF91wuVDJoWoPsKX/3YPQ5fHuF3STjcYyKr+Qhg=="
    }
  },
  "workspace": {
    "dependencies": [
      "jsr:@hono/hono@4",
      "jsr:@std/assert@1",
      "jsr:@std/fs@1",
      "jsr:@std/path@1",
      "jsr:@std/uuid@1",
      "jsr:@std/yaml@1",
      "npm:zod@4"
    ]
  }
}
